{
  "name": "@esp-control-ble/manifest",
  "version": "0.0.0",
  "lockfileVersion": 3,
  "requires": true,
  "packages": {
    "": {
      "name": "@esp-control-ble/manifest",
      "version": "0.0.0",
      "dependencies": {
        "@sinclair/typebox": "^0.33.17",
        "ajv": "^8.17.1",
        "ajv-formats": "^3.0.1",
        "commander": "^12.1.0",
        "protobufjs": "^7.4.0",
        "yaml": "^2.8.1"
      },
      "devDependencies": {
        "@types/node": "^22.7.4",
        "protobufjs-cli": "^1.1.3",
        "tsx": "^4.19.1",
        "typescript": "~5.5.4",
        "vitest": "^2.1.1"
      }
    },
    "../../node_modules/.pnpm/@sinclair+typebox@0.33.22/node_modules/@sinclair/typebox": {
      "version": "0.33.22",
      "license": "MIT"
    },
    "../../node_modules/.pnpm/@types+node@22.19.17/node_modules/@types/node": {
      "version": "22.19.17",
      "dev": true,
      "license": "MIT",
      "dependencies": {
        "undici-types": "~6.21.0"
      }
    },
    "../../node_modules/.pnpm/ajv-formats@3.0.1_ajv@8.18.0/node_modules/ajv-formats": {
      "version": "3.0.1",
      "license": "MIT",
      "dependencies": {
        "ajv": "^8.0.0"
      },
      "devDependencies": {
        "@ajv-validator/config": "^0.3.0",
        "@types/jest": "^26.0.5",
        "@types/node": "^14.10.1",
        "@typescript-eslint/eslint-plugin": "^3.7.0",
        "@typescript-eslint/parser": "^3.7.0",
        "ajv": "^8.0.0",
        "eslint": "^7.5.0",
        "eslint-config-prettier": "^6.11.0",
        "husky": "^4.2.5",
        "jest": "^26.1.0",
        "json-schema-test": "^2.0.0",
        "lint-staged": "^10.2.11",
        "prettier": "^2.3.2",
        "ts-jest": "^26.1.3",
        "typescript": "^4.0.0"
      },
      "peerDependencies": {
        "ajv": "^8.0.0"
      },
      "peerDependenciesMeta": {
        "ajv": {
          "optional": true
        }
      }
    },
    "../../node_modules/.pnpm/ajv@8.18.0/node_modules/ajv": {
      "version": "8.18.0",
      "license": "MIT",
      "dependencies": {
        "fast-deep-equal": "^3.1.3",
        "fast-uri": "^3.0.1",
        "json-schema-traverse": "^1.0.0",
        "require-from-string": "^2.0.2"
      },
      "devDependencies": {
        "@ajv-validator/config": "^0.5.0",
        "@rollup/plugin-commonjs": "^25.0.7",
        "@rollup/plugin-json": "^6.1.0",
        "@rollup/plugin-node-resolve": "^15.2.3",
        "@rollup/plugin-typescript": "^11.1.6",
        "@types/chai": "^4.3.11",
        "@types/mocha": "^10.0.6",
        "@types/node": "^20.11.30",
        "@types/require-from-string": "^1.2.3",
        "@typescript-eslint/eslint-plugin": "^7.3.1",
        "@typescript-eslint/parser": "^7.3.1",
        "ajv-formats": "^3.0.1",
        "browserify": "^17.0.0",
        "chai": "^4.4.1",
        "cross-env": "^7.0.3",
        "dayjs": "^1.11.10",
        "dayjs-plugin-utc": "^0.1.2",
        "eslint": "^8.57.0",
        "eslint-config-prettier": "^9.1.0",
        "glob": "^10.3.10",
        "husky": "^9.0.11",
        "if-node-version": "^1.1.1",
        "jimp": "^0.22.10",
        "js-beautify": "^1.15.1",
        "json-schema-test": "^2.0.0",
        "karma": "^6.4.2",
        "karma-chrome-launcher": "^3.2.0",
        "karma-mocha": "^2.0.1",
        "lint-staged": "^15.2.2",
        "mocha": "^10.3.0",
        "module-from-string": "^3.3.0",
        "node-fetch": "^3.3.2",
        "nyc": "^15.1.0",
        "prettier": "3.0.3",
        "re2": "^1.20.9",
        "rollup": "^2.79.1",
        "rollup-plugin-terser": "^7.0.2",
        "ts-node": "^10.9.2",
        "tsify": "^5.0.4",
        "typescript": "5.3.3",
        "uri-js": "^4.4.1"
      },
      "funding": {
        "type": "github",
        "url": "https://github.com/sponsors/epoberezkin"
      }
    },
    "../../node_modules/.pnpm/commander@12.1.0/node_modules/commander": {
      "version": "12.1.0",
      "license": "MIT",
      "devDependencies": {
        "@eslint/js": "^8.56.0",
        "@types/jest": "^29.2.4",
        "@types/node": "^20.2.5",
        "eslint": "^8.30.0",
        "eslint-config-prettier": "^9.1.0",
        "eslint-plugin-jest": "^28.3.0",
        "eslint-plugin-jsdoc": "^48.1.0",
        "globals": "^13.24.0",
        "jest": "^29.3.1",
        "prettier": "^3.2.5",
        "prettier-plugin-jsdoc": "^1.3.0",
        "ts-jest": "^29.0.3",
        "tsd": "^0.31.0",
        "typescript": "^5.0.4",
        "typescript-eslint": "^7.0.1"
      },
      "engines": {
        "node": ">=18"
      }
    },
    "../../node_modules/.pnpm/protobufjs-cli@1.2.0_protobufjs@7.5.5/node_modules/protobufjs-cli": {
      "version": "1.2.0",
      "dev": true,
      "license": "BSD-3-Clause",
      "dependencies": {
        "chalk": "^4.0.0",
        "escodegen": "^1.13.0",
        "espree": "^9.0.0",
        "estraverse": "^5.1.0",
        "glob": "^8.0.0",
        "jsdoc": "^4.0.0",
        "minimist": "^1.2.0",
        "semver": "^7.1.2",
        "tmp": "^0.2.1",
        "uglify-js": "^3.7.7"
      },
      "bin": {
        "pbjs": "bin/pbjs",
        "pbts": "bin/pbts"
      },
      "devDependencies": {
        "protobufjs": "file:.."
      },
      "engines": {
        "node": ">=12.0.0"
      },
      "peerDependencies": {
        "protobufjs": "^7.0.0"
      }
    },
    "../../node_modules/.pnpm/protobufjs@7.5.5/node_modules/protobufjs": {
      "version": "7.5.5",
      "hasInstallScript": true,
      "license": "BSD-3-Clause",
      "dependencies": {
        "@protobufjs/aspromise": "^1.1.2",
        "@protobufjs/base64": "^1.1.2",
        "@protobufjs/codegen": "^2.0.4",
        "@protobufjs/eventemitter": "^1.1.0",
        "@protobufjs/fetch": "^1.1.0",
        "@protobufjs/float": "^1.0.2",
        "@protobufjs/inquire": "^1.1.0",
        "@protobufjs/path": "^1.1.2",
        "@protobufjs/pool": "^1.1.0",
        "@protobufjs/utf8": "^1.1.0",
        "@types/node": ">=13.7.0",
        "long": "^5.0.0"
      },
      "devDependencies": {
        "benchmark": "^2.1.4",
        "browserify": "^17.0.0",
        "browserify-wrap": "^1.0.2",
        "bundle-collapser": "^1.3.0",
        "chalk": "^4.0.0",
        "escodegen": "^1.13.0",
        "eslint": "^8.15.0",
        "espree": "^9.0.0",
        "estraverse": "^5.1.0",
        "gh-pages": "^4.0.0",
        "git-raw-commits": "^2.0.3",
        "git-semver-tags": "^4.0.0",
        "google-protobuf": "^3.11.3",
        "gulp": "^4.0.2",
        "gulp-header": "^2.0.9",
        "gulp-if": "^3.0.0",
        "gulp-sourcemaps": "^3.0.0",
        "gulp-uglify": "^3.0.2",
        "jaguarjs-jsdoc": "github:dcodeIO/jaguarjs-jsdoc",
        "jsdoc": "^4.0.0",
        "minimist": "^1.2.0",
        "nyc": "^15.0.0",
        "reflect-metadata": "^0.1.13",
        "tape": "^5.0.0",
        "tslint": "^6.0.0",
        "typescript": "^3.7.5",
        "uglify-js": "^3.7.7",
        "vinyl-buffer": "^1.0.1",
        "vinyl-fs": "^3.0.3",
        "vinyl-source-stream": "^2.0.0"
      },
      "engines": {
        "node": ">=12.0.0"
      }
    },
    "../../node_modules/.pnpm/tsx@4.21.0/node_modules/tsx": {
      "version": "4.21.0",
      "dev": true,
      "license": "MIT",
      "dependencies": {
        "esbuild": "~0.27.0",
        "get-tsconfig": "^4.7.5"
      },
      "bin": {
        "tsx": "dist/cli.mjs"
      },
      "engines": {
        "node": ">=18.0.0"
      },
      "optionalDependencies": {
        "fsevents": "~2.3.3"
      }
    },
    "../../node_modules/.pnpm/typescript@5.5.4/node_modules/typescript": {
      "version": "5.5.4",
      "dev": true,
      "license": "Apache-2.0",
      "bin": {
        "tsc": "bin/tsc",
        "tsserver": "bin/tsserver"
      },
      "devDependencies": {
        "@dprint/formatter": "^0.3.0",
        "@dprint/typescript": "0.91.0",
        "@esfx/canceltoken": "^1.0.0",
        "@octokit/rest": "^20.1.1",
        "@types/chai": "^4.3.16",
        "@types/microsoft__typescript-etw": "^0.1.3",
        "@types/minimist": "^1.2.5",
        "@types/mocha": "^10.0.6",
        "@types/ms": "^0.7.34",
        "@types/node": "latest",
        "@types/source-map-support": "^0.5.10",
        "@types/which": "^3.0.3",
        "@typescript-eslint/eslint-plugin": "^7.11.0",
        "@typescript-eslint/parser": "^7.11.0",
        "@typescript-eslint/utils": "^7.11.0",
        "azure-devops-node-api": "^13.0.0",
        "c8": "^9.1.0",
        "chai": "^4.4.1",
        "chalk": "^4.1.2",
        "chokidar": "^3.6.0",
        "diff": "^5.2.0",
        "dprint": "^0.46.1",
        "esbuild": "^0.21.4",
        "eslint": "^8.57.0",
        "eslint-formatter-autolinkable-stylish": "^1.3.0",
        "eslint-plugin-local": "^4.2.2",
        "fast-xml-parser": "^4.4.0",
        "glob": "^10.4.1",
        "hereby": "^1.8.9",
        "jsonc-parser": "^3.2.1",
        "minimist": "^1.2.8",
        "mocha": "^10.4.0",
        "mocha-fivemat-progress-reporter": "^0.1.0",
        "ms": "^2.1.3",
        "node-fetch": "^3.3.2",
        "playwright": "^1.44.1",
        "source-map-support": "^0.5.21",
        "tslib": "^2.6.2",
        "typescript": "^5.4.5",
        "which": "^3.0.1"
      },
      "engines": {
        "node": ">=14.17"
      }
    },
    "../../node_modules/.pnpm/vitest@2.1.9_@types+node@22.19.17/node_modules/vitest": {
      "version": "2.1.9",
      "dev": true,
      "license": "MIT",
      "dependencies": {
        "@vitest/expect": "2.1.9",
        "@vitest/mocker": "2.1.9",
        "@vitest/pretty-format": "^2.1.9",
        "@vitest/runner": "2.1.9",
        "@vitest/snapshot": "2.1.9",
        "@vitest/spy": "2.1.9",
        "@vitest/utils": "2.1.9",
        "chai": "^5.1.2",
        "debug": "^4.3.7",
        "expect-type": "^1.1.0",
        "magic-string": "^0.30.12",
        "pathe": "^1.1.2",
        "std-env": "^3.8.0",
        "tinybench": "^2.9.0",
        "tinyexec": "^0.3.1",
        "tinypool": "^1.0.1",
        "tinyrainbow": "^1.2.0",
        "vite": "^5.0.0",
        "vite-node": "2.1.9",
        "why-is-node-running": "^2.3.0"
      },
      "bin": {
        "vitest": "vitest.mjs"
      },
      "devDependencies": {
        "@ampproject/remapping": "^2.3.0",
        "@antfu/install-pkg": "^0.4.1",
        "@edge-runtime/vm": "^4.0.4",
        "@sinonjs/fake-timers": "11.1.0",
        "@types/debug": "^4.1.12",
        "@types/estree": "^1.0.6",
        "@types/istanbul-lib-coverage": "^2.0.6",
        "@types/istanbul-reports": "^3.0.4",
        "@types/jsdom": "^21.1.7",
        "@types/micromatch": "^4.0.9",
        "@types/node": "^22.9.0",
        "@types/prompts": "^2.4.9",
        "@types/sinonjs__fake-timers": "^8.1.5",
        "acorn-walk": "^8.3.4",
        "birpc": "0.2.19",
        "cac": "^6.7.14",
        "chai-subset": "^1.6.0",
        "cli-truncate": "^4.0.0",
        "fast-glob": "3.3.2",
        "find-up": "^6.3.0",
        "flatted": "^3.3.1",
        "get-tsconfig": "^4.8.1",
        "happy-dom": "^15.11.4",
        "jsdom": "^25.0.1",
        "local-pkg": "^0.5.0",
        "log-update": "^5.0.1",
        "micromatch": "^4.0.8",
        "pretty-format": "^29.7.0",
        "prompts": "^2.4.2",
        "strip-literal": "^2.1.0",
        "ws": "^8.18.0"
      },
      "engines": {
        "node": "^18.0.0 || >=20.0.0"
      },
      "funding": {
        "url": "https://opencollective.com/vitest"
      },
      "peerDependencies": {
        "@edge-runtime/vm": "*",
        "@types/node": "^18.0.0 || >=20.0.0",
        "@vitest/browser": "2.1.9",
        "@vitest/ui": "2.1.9",
        "happy-dom": "*",
        "jsdom": "*"
      },
      "peerDependenciesMeta": {
        "@edge-runtime/vm": {
          "optional": true
        },
        "@types/node": {
          "optional": true
        },
        "@vitest/browser": {
          "optional": true
        },
        "@vitest/ui": {
          "optional": true
        },
        "happy-dom": {
          "optional": true
        },
        "jsdom": {
          "optional": true
        }
      }
    },
    "../../node_modules/.pnpm/yaml@2.8.1/node_modules/yaml": {
      "version": "2.8.1",
      "license": "ISC",
      "bin": {
        "yaml": "bin.mjs"
      },
      "devDependencies": {
        "@babel/core": "^7.12.10",
        "@babel/plugin-transform-typescript": "^7.12.17",
        "@babel/preset-env": "^7.12.11",
        "@eslint/js": "^9.9.1",
        "@rollup/plugin-babel": "^6.0.3",
        "@rollup/plugin-replace": "^5.0.2",
        "@rollup/plugin-typescript": "^12.1.1",
        "@types/jest": "^29.2.4",
        "@types/node": "^20.11.20",
        "babel-jest": "^29.0.1",
        "cross-env": "^7.0.3",
        "eslint": "^9.9.1",
        "eslint-config-prettier": "^9.0.0",
        "fast-check": "^2.12.0",
        "jest": "^29.0.1",
        "jest-resolve": "^29.7.0",
        "jest-ts-webcompat-resolver": "^1.0.0",
        "prettier": "^3.0.2",
        "rollup": "^4.12.0",
        "tslib": "^2.8.1",
        "typescript": "^5.7.2",
        "typescript-eslint": "^8.4.0"
      },
      "engines": {
        "node": ">= 14.6"
      }
    },
    "node_modules/@sinclair/typebox": {
      "resolved": "../../node_modules/.pnpm/@sinclair+typebox@0.33.22/node_modules/@sinclair/typebox",
      "link": true
    },
    "node_modules/@types/node": {
      "resolved": "../../node_modules/.pnpm/@types+node@22.19.17/node_modules/@types/node",
      "link": true
    },
    "node_modules/ajv": {
      "resolved": "../../node_modules/.pnpm/ajv@8.18.0/node_modules/ajv",
      "link": true
    },
    "node_modules/ajv-formats": {
      "resolved": "../../node_modules/.pnpm/ajv-formats@3.0.1_ajv@8.18.0/node_modules/ajv-formats",
      "link": true
    },
    "node_modules/commander": {
      "resolved": "../../node_modules/.pnpm/commander@12.1.0/node_modules/commander",
      "link": true
    },
    "node_modules/protobufjs": {
      "resolved": "../../node_modules/.pnpm/protobufjs@7.5.5/node_modules/protobufjs",
      "link": true
    },
    "node_modules/protobufjs-cli": {
      "resolved": "../../node_modules/.pnpm/protobufjs-cli@1.2.0_protobufjs@7.5.5/node_modules/protobufjs-cli",
      "link": true
    },
    "node_modules/tsx": {
      "resolved": "../../node_modules/.pnpm/tsx@4.21.0/node_modules/tsx",
      "link": true
    },
    "node_modules/typescript": {
      "resolved": "../../node_modules/.pnpm/typescript@5.5.4/node_modules/typescript",
      "link": true
    },
    "node_modules/vitest": {
      "resolved": "../../node_modules/.pnpm/vitest@2.1.9_@types+node@22.19.17/node_modules/vitest",
      "link": true
    },
    "node_modules/yaml": {
      "resolved": "../../node_modules/.pnpm/yaml@2.8.1/node_modules/yaml",
      "link": true
    }
  }
}
